// !$*UTF8*$!
{
	archiveVersion = 1;
	classes = {
	};
	objectVersion = 56;
	objects = {

/* Begin PBXBuildFile section */
		91B8F256285E194200618F3B /* AdvanceWarsMapGeneratorApp.swift in Sources */ = {isa = PBXBuildFile; fileRef = 91B8F255285E194200618F3B /* AdvanceWarsMapGeneratorApp.swift */; };
		91B8F258285E194200618F3B /* ContentView.swift in Sources */ = {isa = PBXBuildFile; fileRef = 91B8F257285E194200618F3B /* ContentView.swift */; };
		91B8F25A285E194300618F3B /* Assets.xcassets in Resources */ = {isa = PBXBuildFile; fileRef = 91B8F259285E194300618F3B /* Assets.xcassets */; };
		91B8F25E285E194300618F3B /* Preview Assets.xcassets in Resources */ = {isa = PBXBuildFile; fileRef = 91B8F25D285E194300618F3B /* Preview Assets.xcassets */; };
		91B8F266285E195F00618F3B /* NumSwift in Frameworks */ = {isa = PBXBuildFile; productRef = 91B8F265285E195F00618F3B /* NumSwift */; };
		91B8F268285E242800618F3B /* MapProvider.swift in Sources */ = {isa = PBXBuildFile; fileRef = 91B8F267285E242800618F3B /* MapProvider.swift */; };
		91B8F26B285E244500618F3B /* Tile.swift in Sources */ = {isa = PBXBuildFile; fileRef = 91B8F26A285E244500618F3B /* Tile.swift */; };
		91B8F26D285E244C00618F3B /* Map.swift in Sources */ = {isa = PBXBuildFile; fileRef = 91B8F26C285E244C00618F3B /* Map.swift */; };
/* End PBXBuildFile section */

/* Begin PBXFileReference section */
		91B8F252285E194200618F3B /* AdvanceWarsMapGenerator.app */ = {isa = PBXFileReference; explicitFileType = wrapper.application; includeInIndex = 0; path = AdvanceWarsMapGenerator.app; sourceTree = BUILT_PRODUCTS_DIR; };
		91B8F255285E194200618F3B /* AdvanceWarsMapGeneratorApp.swift */ = {isa = PBXFileReference; lastKnownFileType = sourcecode.swift; path = AdvanceWarsMapGeneratorApp.swift; sourceTree = "<group>"; };
		91B8F257285E194200618F3B /* ContentView.swift */ = {isa = PBXFileReference; lastKnownFileType = sourcecode.swift; path = ContentView.swift; sourceTree = "<group>"; };
		91B8F259285E194300618F3B /* Assets.xcassets */ = {isa = PBXFileReference; lastKnownFileType = folder.assetcatalog; path = Assets.xcassets; sourceTree = "<group>"; };
		91B8F25B285E194300618F3B /* AdvanceWarsMapGenerator.entitlements */ = {isa = PBXFileReference; lastKnownFileType = text.plist.entitlements; path = AdvanceWarsMapGenerator.entitlements; sourceTree = "<group>"; };
		91B8F25D285E194300618F3B /* Preview Assets.xcassets */ = {isa = PBXFileReference; lastKnownFileType = folder.assetcatalog; path = "Preview Assets.xcassets"; sourceTree = "<group>"; };
		91B8F267285E242800618F3B /* MapProvider.swift */ = {isa = PBXFileReference; lastKnownFileType = sourcecode.swift; path = MapProvider.swift; sourceTree = "<group>"; };
		91B8F26A285E244500618F3B /* Tile.swift */ = {isa = PBXFileReference; lastKnownFileType = sourcecode.swift; path = Tile.swift; sourceTree = "<group>"; };
		91B8F26C285E244C00618F3B /* Map.swift */ = {isa = PBXFileReference; lastKnownFileType = sourcecode.swift; path = Map.swift; sourceTree = "<group>"; };
/* End PBXFileReference section */

/* Begin PBXFrameworksBuildPhase section */
		91B8F24F285E194200618F3B /* Frameworks */ = {
			isa = PBXFrameworksBuildPhase;
			buildActionMask = 2147483647;
			files = (
				91B8F266285E195F00618F3B /* NumSwift in Frameworks */,
			);
			runOnlyForDeploymentPostprocessing = 0;
		};
/* End PBXFrameworksBuildPhase section */

/* Begin PBXGroup section */
		91B8F249285E194200618F3B = {
			isa = PBXGroup;
			children = (
				91B8F254285E194200618F3B /* AdvanceWarsMapGenerator */,
				91B8F253285E194200618F3B /* Products */,
			);
			sourceTree = "<group>";
		};
		91B8F253285E194200618F3B /* Products */ = {
			isa = PBXGroup;
			children = (
				91B8F252285E194200618F3B /* AdvanceWarsMapGenerator.app */,
			);
			name = Products;
			sourceTree = "<group>";
		};
		91B8F254285E194200618F3B /* AdvanceWarsMapGenerator */ = {
			isa = PBXGroup;
			children = (
				91B8F269285E243D00618F3B /* Models */,
				91B8F255285E194200618F3B /* AdvanceWarsMapGeneratorApp.swift */,
				91B8F257285E194200618F3B /* ContentView.swift */,
				91B8F259285E194300618F3B /* Assets.xcassets */,
				91B8F25B285E194300618F3B /* AdvanceWarsMapGenerator.entitlements */,
				91B8F25C285E194300618F3B /* Preview Content */,
				91B8F267285E242800618F3B /* MapProvider.swift */,
			);
			path = AdvanceWarsMapGenerator;
			sourceTree = "<group>";
		};
		91B8F25C285E194300618F3B /* Preview Content */ = {
			isa = PBXGroup;
			children = (
				91B8F25D285E194300618F3B /* Preview Assets.xcassets */,
			);
			path = "Preview Content";
			sourceTree = "<group>";
		};
		91B8F269285E243D00618F3B /* Models */ = {
			isa = PBXGroup;
			children = (
				91B8F26A285E244500618F3B /* Tile.swift */,
				91B8F26C285E244C00618F3B /* Map.swift */,
			);
			path = Models;
			sourceTree = "<group>";
		};
/* End PBXGroup section */

/* Begin PBXNativeTarget section */
		91B8F251285E194200618F3B /* AdvanceWarsMapGenerator */ = {
			isa = PBXNativeTarget;
			buildConfigurationList = 91B8F261285E194300618F3B /* Build configuration list for PBXNativeTarget "AdvanceWarsMapGenerator" */;
			buildPhases = (
				91B8F24E285E194200618F3B /* Sources */,
				91B8F24F285E194200618F3B /* Frameworks */,
				91B8F250285E194200618F3B /* Resources */,
			);
			buildRules = (
			);
			dependencies = (
			);
			name = AdvanceWarsMapGenerator;
			packageProductDependencies = (
				91B8F265285E195F00618F3B /* NumSwift */,
			);
			productName = AdvanceWarsMapGenerator;
			productReference = 91B8F252285E194200618F3B /* AdvanceWarsMapGenerator.app */;
			productType = "com.apple.product-type.application";
		};
/* End PBXNativeTarget section */

/* Begin PBXProject section */
		91B8F24A285E194200618F3B /* Project object */ = {
			isa = PBXProject;
			attributes = {
				BuildIndependentTargetsInParallel = 1;
				LastSwiftUpdateCheck = 1400;
				LastUpgradeCheck = 1400;
				TargetAttributes = {
					91B8F251285E194200618F3B = {
						CreatedOnToolsVersion = 14.0;
					};
				};
			};
			buildConfigurationList = 91B8F24D285E194200618F3B /* Build configuration list for PBXProject "AdvanceWarsMapGenerator" */;
			compatibilityVersion = "Xcode 14.0";
			developmentRegion = en;
			hasScannedForEncodings = 0;
			knownRegions = (
				en,
				Base,
			);
			mainGroup = 91B8F249285E194200618F3B;
			packageReferences = (
				91B8F264285E195F00618F3B /* XCRemoteSwiftPackageReference "NumSwift" */,
			);
			productRefGroup = 91B8F253285E194200618F3B /* Products */;
			projectDirPath = "";
			projectRoot = "";
			targets = (
				91B8F251285E194200618F3B /* AdvanceWarsMapGenerator */,
			);
		};
/* End PBXProject section */

/* Begin PBXResourcesBuildPhase section */
		91B8F250285E194200618F3B /* Resources */ = {
			isa = PBXResourcesBuildPhase;
			buildActionMask = 2147483647;
			files = (
				91B8F25E285E194300618F3B /* Preview Assets.xcassets in Resources */,
				91B8F25A285E194300618F3B /* Assets.xcassets in Resources */,
			);
			runOnlyForDeploymentPostprocessing = 0;
		};
/* End PBXResourcesBuildPhase section */

/* Begin PBXSourcesBuildPhase section */
		91B8F24E285E194200618F3B /* Sources */ = {
			isa = PBXSourcesBuildPhase;
			buildActionMask = 2147483647;
			files = (
				91B8F26D285E244C00618F3B /* Map.swift in Sources */,
				91B8F268285E242800618F3B /* MapProvider.swift in Sources */,
				91B8F258285E194200618F3B /* ContentView.swift in Sources */,
				91B8F256285E194200618F3B /* AdvanceWarsMapGeneratorApp.swift in Sources */,
				91B8F26B285E244500618F3B /* Tile.swift in Sources */,
			);
			runOnlyForDeploymentPostprocessing = 0;
		};
/* End PBXSourcesBuildPhase section */

/* Begin XCBuildConfiguration section */
		91B8F25F285E194300618F3B /* Debug */ = {
			isa = XCBuildConfiguration;
			buildSettings = {
				ALWAYS_SEARCH_USER_PATHS = NO;
				CLANG_ANALYZER_NONNULL = YES;
				CLANG_ANALYZER_NUMBER_OBJECT_CONVERSION = YES_AGGRESSIVE;
				CLANG_CXX_LANGUAGE_STANDARD = "gnu++17";
				CLANG_ENABLE_MODULES = YES;
				CLANG_ENABLE_OBJC_ARC = YES;
				CLANG_ENABLE_OBJC_WEAK = YES;
				CLANG_WARN_BLOCK_CAPTURE_AUTORELEASING = YES;
				CLANG_WARN_BOOL_CONVERSION = YES;
				CLANG_WARN_COMMA = YES;
				CLANG_WARN_CONSTANT_CONVERSION = YES;
				CLANG_WARN_DEPRECATED_OBJC_IMPLEMENTATIONS = YES;
				CLANG_WARN_DIRECT_OBJC_ISA_USAGE = YES_ERROR;
				CLANG_WARN_DOCUMENTATION_COMMENTS = YES;
				CLANG_WARN_EMPTY_BODY = YES;
				CLANG_WARN_ENUM_CONVERSION = YES;
				CLANG_WARN_INFINITE_RECURSION = YES;
				CLANG_WARN_INT_CONVERSION = YES;
				CLANG_WARN_NON_LITERAL_NULL_CONVERSION = YES;
				CLANG_WARN_OBJC_IMPLICIT_RETAIN_SELF = YES;
				CLANG_WARN_OBJC_LITERAL_CONVERSION = YES;
				CLANG_WARN_OBJC_ROOT_CLASS = YES_ERROR;
				CLANG_WARN_QUOTED_INCLUDE_IN_FRAMEWORK_HEADER = YES;
				CLANG_WARN_RANGE_LOOP_ANALYSIS = YES;
				CLANG_WARN_STRICT_PROTOTYPES = YES;
				CLANG_WARN_SUSPICIOUS_MOVE = YES;
				CLANG_WARN_UNGUARDED_AVAILABILITY = YES_AGGRESSIVE;
				CLANG_WARN_UNREACHABLE_CODE = YES;
				CLANG_WARN__DUPLICATE_METHOD_MATCH = YES;
				COPY_PHASE_STRIP = NO;
				DEBUG_INFORMATION_FORMAT = dwarf;
				ENABLE_STRICT_OBJC_MSGSEND = YES;
				ENABLE_TESTABILITY = YES;
				GCC_C_LANGUAGE_STANDARD = gnu11;
				GCC_DYNAMIC_NO_PIC = NO;
				GCC_NO_COMMON_BLOCKS = YES;
				GCC_OPTIMIZATION_LEVEL = 0;
				GCC_PREPROCESSOR_DEFINITIONS = (
					"DEBUG=1",
					"$(inherited)",
				);
				GCC_WARN_64_TO_32_BIT_CONVERSION = YES;
				GCC_WARN_ABOUT_RETURN_TYPE = YES_ERROR;
				GCC_WARN_UNDECLARED_SELECTOR = YES;
				GCC_WARN_UNINITIALIZED_AUTOS = YES_AGGRESSIVE;
				GCC_WARN_UNUSED_FUNCTION = YES;
				GCC_WARN_UNUSED_VARIABLE = YES;
				MTL_ENABLE_DEBUG_INFO = INCLUDE_SOURCE;
				MTL_FAST_MATH = YES;
				ONLY_ACTIVE_ARCH = YES;
				SWIFT_ACTIVE_COMPILATION_CONDITIONS = DEBUG;
				SWIFT_OPTIMIZATION_LEVEL = "-Onone";
			};
			name = Debug;
		};
		91B8F260285E194300618F3B /* Release */ = {
			isa = XCBuildConfiguration;
			buildSettings = {
				ALWAYS_SEARCH_USER_PATHS = NO;
				CLANG_ANALYZER_NONNULL = YES;
				CLANG_ANALYZER_NUMBER_OBJECT_CONVERSION = YES_AGGRESSIVE;
				CLANG_CXX_LANGUAGE_STANDARD = "gnu++17";
				CLANG_ENABLE_MODULES = YES;
				CLANG_ENABLE_OBJC_ARC = YES;
				CLANG_ENABLE_OBJC_WEAK = YES;
				CLANG_WARN_BLOCK_CAPTURE_AUTORELEASING = YES;
				CLANG_WARN_BOOL_CONVERSION = YES;
				CLANG_WARN_COMMA = YES;
				CLANG_WARN_CONSTANT_CONVERSION = YES;
				CLANG_WARN_DEPRECATED_OBJC_IMPLEMENTATIONS = YES;
				CLANG_WARN_DIRECT_OBJC_ISA_USAGE = YES_ERROR;
				CLANG_WARN_DOCUMENTATION_COMMENTS = YES;
				CLANG_WARN_EMPTY_BODY = YES;
				CLANG_WARN_ENUM_CONVERSION = YES;
				CLANG_WARN_INFINITE_RECURSION = YES;
				CLANG_WARN_INT_CONVERSION = YES;
				CLANG_WARN_NON_LITERAL_NULL_CONVERSION = YES;
				CLANG_WARN_OBJC_IMPLICIT_RETAIN_SELF = YES;
				CLANG_WARN_OBJC_LITERAL_CONVERSION = YES;
				CLANG_WARN_OBJC_ROOT_CLASS = YES_ERROR;
				CLANG_WARN_QUOTED_INCLUDE_IN_FRAMEWORK_HEADER = YES;
				CLANG_WARN_RANGE_LOOP_ANALYSIS = YES;
				CLANG_WARN_STRICT_PROTOTYPES = YES;
				CLANG_WARN_SUSPICIOUS_MOVE = YES;
				CLANG_WARN_UNGUARDED_AVAILABILITY = YES_AGGRESSIVE;
				CLANG_WARN_UNREACHABLE_CODE = YES;
				CLANG_WARN__DUPLICATE_METHOD_MATCH = YES;
				COPY_PHASE_STRIP = NO;
				DEBUG_INFORMATION_FORMAT = "dwarf-with-dsym";
				ENABLE_NS_ASSERTIONS = NO;
				ENABLE_STRICT_OBJC_MSGSEND = YES;
				GCC_C_LANGUAGE_STANDARD = gnu11;
				GCC_NO_COMMON_BLOCKS = YES;
				GCC_WARN_64_TO_32_BIT_CONVERSION = YES;
				GCC_WARN_ABOUT_RETURN_TYPE = YES_ERROR;
				GCC_WARN_UNDECLARED_SELECTOR = YES;
				GCC_WARN_UNINITIALIZED_AUTOS = YES_AGGRESSIVE;
				GCC_WARN_UNUSED_FUNCTION = YES;
				GCC_WARN_UNUSED_VARIABLE = YES;
				MTL_ENABLE_DEBUG_INFO = NO;
				MTL_FAST_MATH = YES;
				SWIFT_COMPILATION_MODE = wholemodule;
				SWIFT_OPTIMIZATION_LEVEL = "-O";
			};
			name = Release;
		};
		91B8F262285E194300618F3B /* Debug */ = {
			isa = XCBuildConfiguration;
			buildSettings = {
				ASSETCATALOG_COMPILER_APPICON_NAME = AppIcon;
				ASSETCATALOG_COMPILER_GLOBAL_ACCENT_COLOR_NAME = AccentColor;
				CODE_SIGN_ENTITLEMENTS = AdvanceWarsMapGenerator/AdvanceWarsMapGenerator.entitlements;
				CODE_SIGN_STYLE = Automatic;
				CURRENT_PROJECT_VERSION = 1;
				DEVELOPMENT_ASSET_PATHS = "\"AdvanceWarsMapGenerator/Preview Content\"";
				DEVELOPMENT_TEAM = 24H8222GR4;
				ENABLE_HARDENED_RUNTIME = YES;
				ENABLE_PREVIEWS = YES;
				GENERATE_INFOPLIST_FILE = YES;
				"INFOPLIST_KEY_UILaunchScreen_Generation[sdk=iphoneos*]" = YES;
				"INFOPLIST_KEY_UILaunchScreen_Generation[sdk=iphonesimulator*]" = YES;
				INFOPLIST_KEY_UISupportedInterfaceOrientations_iPad = "UIInterfaceOrientationPortrait UIInterfaceOrientationPortraitUpsideDown UIInterfaceOrientationLandscapeLeft UIInterfaceOrientationLandscapeRight";
				INFOPLIST_KEY_UISupportedInterfaceOrientations_iPhone = "UIInterfaceOrientationPortrait UIInterfaceOrientationLandscapeLeft UIInterfaceOrientationLandscapeRight";
				IPHONEOS_DEPLOYMENT_TARGET = 16.0;
				LD_RUNPATH_SEARCH_PATHS = "@executable_path/Frameworks";
				"LD_RUNPATH_SEARCH_PATHS[sdk=macosx*]" = "@executable_path/../Frameworks";
				MACOSX_DEPLOYMENT_TARGET = 12.4;
				MARKETING_VERSION = 1.0;
				PRODUCT_BUNDLE_IDENTIFIER = com.wvabrinskas.AdvanceWarsMapGenerator;
				PRODUCT_NAME = "$(TARGET_NAME)";
				SDKROOT = auto;
				SUPPORTED_PLATFORMS = "iphoneos iphonesimulator macosx";
				SWIFT_EMIT_LOC_STRINGS = YES;
				SWIFT_VERSION = 5.0;
				TARGETED_DEVICE_FAMILY = "1,2";
			};
			name = Debug;
		};
		91B8F263285E194300618F3B /* Release */ = {
			isa = XCBuildConfiguration;
			buildSettings = {
				ASSETCATALOG_COMPILER_APPICON_NAME = AppIcon;
				ASSETCATALOG_COMPILER_GLOBAL_ACCENT_COLOR_NAME = AccentColor;
				CODE_SIGN_ENTITLEMENTS = AdvanceWarsMapGenerator/AdvanceWarsMapGenerator.entitlements;
				CODE_SIGN_STYLE = Automatic;
				CURRENT_PROJECT_VERSION = 1;
				DEVELOPMENT_ASSET_PATHS = "\"AdvanceWarsMapGenerator/Preview Content\"";
				DEVELOPMENT_TEAM = 24H8222GR4;
				ENABLE_HARDENED_RUNTIME = YES;
				ENABLE_PREVIEWS = YES;
				GENERATE_INFOPLIST_FILE = YES;
				"INFOPLIST_KEY_UILaunchScreen_Generation[sdk=iphoneos*]" = YES;
				"INFOPLIST_KEY_UILaunchScreen_Generation[sdk=iphonesimulator*]" = YES;
				INFOPLIST_KEY_UISupportedInterfaceOrientations_iPad = "UIInterfaceOrientationPortrait UIInterfaceOrientationPortraitUpsideDown UIInterfaceOrientationLandscapeLeft UIInterfaceOrientationLandscapeRight";
				INFOPLIST_KEY_UISupportedInterfaceOrientations_iPhone = "UIInterfaceOrientationPortrait UIInterfaceOrientationLandscapeLeft UIInterfaceOrientationLandscapeRight";
				IPHONEOS_DEPLOYMENT_TARGET = 16.0;
				LD_RUNPATH_SEARCH_PATHS = "@executable_path/Frameworks";
				"LD_RUNPATH_SEARCH_PATHS[sdk=macosx*]" = "@executable_path/../Frameworks";
				MACOSX_DEPLOYMENT_TARGET = 12.4;
				MARKETING_VERSION = 1.0;
				PRODUCT_BUNDLE_IDENTIFIER = com.wvabrinskas.AdvanceWarsMapGenerator;
				PRODUCT_NAME = "$(TARGET_NAME)";
				SDKROOT = auto;
				SUPPORTED_PLATFORMS = "iphoneos iphonesimulator macosx";
				SWIFT_EMIT_LOC_STRINGS = YES;
				SWIFT_VERSION = 5.0;
				TARGETED_DEVICE_FAMILY = "1,2";
			};
			name = Release;
		};
/* End XCBuildConfiguration section */

/* Begin XCConfigurationList section */
		91B8F24D285E194200618F3B /* Build configuration list for PBXProject "AdvanceWarsMapGenerator" */ = {
			isa = XCConfigurationList;
			buildConfigurations = (
				91B8F25F285E194300618F3B /* Debug */,
				91B8F260285E194300618F3B /* Release */,
			);
			defaultConfigurationIsVisible = 0;
			defaultConfigurationName = Release;
		};
		91B8F261285E194300618F3B /* Build configuration list for PBXNativeTarget "AdvanceWarsMapGenerator" */ = {
			isa = XCConfigurationList;
			buildConfigurations = (
				91B8F262285E194300618F3B /* Debug */,
				91B8F263285E194300618F3B /* Release */,
			);
			defaultConfigurationIsVisible = 0;
			defaultConfigurationName = Release;
		};
/* End XCConfigurationList section */

/* Begin XCRemoteSwiftPackageReference section */
		91B8F264285E195F00618F3B /* XCRemoteSwiftPackageReference "NumSwift" */ = {
			isa = XCRemoteSwiftPackageReference;
			repositoryURL = "https://github.com/wvabrinskas/NumSwift";
			requirement = {
				branch = main;
				kind = branch;
			};
		};
/* End XCRemoteSwiftPackageReference section */

/* Begin XCSwiftPackageProductDependency section */
		91B8F265285E195F00618F3B /* NumSwift */ = {
			isa = XCSwiftPackageProductDependency;
			package = 91B8F264285E195F00618F3B /* XCRemoteSwiftPackageReference "NumSwift" */;
			productName = NumSwift;
		};
/* End XCSwiftPackageProductDependency section */
	};
	rootObject = 91B8F24A285E194200618F3B /* Project object */;
}
